
Microsoft Visual Studio Solution File, Format Version 12.00
# Visual Studio 14
VisualStudioVersion = 14.0.25420.1
MinimumVisualStudioVersion = 10.0.40219.1
Project("{FAE04EC0-301F-11D3-BF4B-00C04F79EFBC}") = "Comics.Domain", "Comics\Comics.Domain.csproj", "{C3CB728D-AF71-465A-8BF8-25335F326455}"
EndProject
Project("{FAE04EC0-301F-11D3-BF4B-00C04F79EFBC}") = "Comics.Tests", "Comics.Tests\Comics.Tests.csproj", "{91064DB9-A438-472A-854E-2CF179424A9B}"
EndProject
Project("{FAE04EC0-301F-11D3-BF4B-00C04F79EFBC}") = "Core", "Core\Core.csproj", "{64CB55DE-E269-4BFF-B8D9-2C8AA0C4BFEA}"
EndProject
Project("{FAE04EC0-301F-11D3-BF4B-00C04F79EFBC}") = "Core.Tests", "Core.Tests\Core.Tests.csproj", "{4112870B-204F-46FB-8EA2-17DE3ED5AD3C}"
EndProject
Project("{FAE04EC0-301F-11D3-BF4B-00C04F79EFBC}") = "Comics.API", "Comics.API\Comics.API.csproj", "{F4977582-E965-4620-9BC4-6843BCED02FE}"
EndProject
Global
	GlobalSection(SolutionConfigurationPlatforms) = preSolution
		Debug|Any CPU = Debug|Any CPU
		Release|Any CPU = Release|Any CPU
	EndGlobalSection
	GlobalSection(ProjectConfigurationPlatforms) = postSolution
		{C3CB728D-AF71-465A-8BF8-25335F326455}.Debug|Any CPU.ActiveCfg = Debug|Any CPU
		{C3CB728D-AF71-465A-8BF8-25335F326455}.Debug|Any CPU.Build.0 = Debug|Any CPU
		{C3CB728D-AF71-465A-8BF8-25335F326455}.Release|Any CPU.ActiveCfg = Release|Any CPU
		{C3CB728D-AF71-465A-8BF8-25335F326455}.Release|Any CPU.Build.0 = Release|Any CPU
		{91064DB9-A438-472A-854E-2CF179424A9B}.Debug|Any CPU.ActiveCfg = Debug|Any CPU
		{91064DB9-A438-472A-854E-2CF179424A9B}.Debug|Any CPU.Build.0 = Debug|Any CPU
		{91064DB9-A438-472A-854E-2CF179424A9B}.Release|Any CPU.ActiveCfg = Release|Any CPU
		{91064DB9-A438-472A-854E-2CF179424A9B}.Release|Any CPU.Build.0 = Release|Any CPU
		{64CB55DE-E269-4BFF-B8D9-2C8AA0C4BFEA}.Debug|Any CPU.ActiveCfg = Debug|Any CPU
		{64CB55DE-E269-4BFF-B8D9-2C8AA0C4BFEA}.Debug|Any CPU.Build.0 = Debug|Any CPU
		{64CB55DE-E269-4BFF-B8D9-2C8AA0C4BFEA}.Release|Any CPU.ActiveCfg = Release|Any CPU
		{64CB55DE-E269-4BFF-B8D9-2C8AA0C4BFEA}.Release|Any CPU.Build.0 = Release|Any CPU
		{4112870B-204F-46FB-8EA2-17DE3ED5AD3C}.Debug|Any CPU.ActiveCfg = Debug|Any CPU
		{4112870B-204F-46FB-8EA2-17DE3ED5AD3C}.Debug|Any CPU.Build.0 = Debug|Any CPU
		{4112870B-204F-46FB-8EA2-17DE3ED5AD3C}.Release|Any CPU.ActiveCfg = Release|Any CPU
		{4112870B-204F-46FB-8EA2-17DE3ED5AD3C}.Release|Any CPU.Build.0 = Release|Any CPU
		{F4977582-E965-4620-9BC4-6843BCED02FE}.Debug|Any CPU.ActiveCfg = Debug|Any CPU
		{F4977582-E965-4620-9BC4-6843BCED02FE}.Debug|Any CPU.Build.0 = Debug|Any CPU
		{F4977582-E965-4620-9BC4-6843BCED02FE}.Release|Any CPU.ActiveCfg = Release|Any CPU
		{F4977582-E965-4620-9BC4-6843BCED02FE}.Release|Any CPU.Build.0 = Release|Any CPU
	EndGlobalSection
	GlobalSection(SolutionProperties) = preSolution
		HideSolutionNode = FALSE
	EndGlobalSection
EndGlobal
